// !$*UTF8*$!
{
	archiveVersion = 1;
	classes = {
	};
	objectVersion = 56;
	objects = {

/* Begin PBXBuildFile section */
		465875BA2A408ED800DE195A /* AlertViewController.swift in Sources */ = {isa = PBXBuildFile; fileRef = 465875B92A408ED800DE195A /* AlertViewController.swift */; };
		465875BC2A408EEB00DE195A /* CustomButton.swift in Sources */ = {isa = PBXBuildFile; fileRef = 465875BB2A408EEB00DE195A /* CustomButton.swift */; };
		465875BE2A408EF500DE195A /* CustomTextField.swift in Sources */ = {isa = PBXBuildFile; fileRef = 465875BD2A408EF500DE195A /* CustomTextField.swift */; };
		465875C02A408F0000DE195A /* CustomTitleLabel.swift in Sources */ = {isa = PBXBuildFile; fileRef = 465875BF2A408F0000DE195A /* CustomTitleLabel.swift */; };
		465875C22A408F0A00DE195A /* CustomBodyLabel.swift in Sources */ = {isa = PBXBuildFile; fileRef = 465875C12A408F0A00DE195A /* CustomBodyLabel.swift */; };
		465875C42A40913800DE195A /* UIViewController+Ext.swift in Sources */ = {isa = PBXBuildFile; fileRef = 465875C32A40913800DE195A /* UIViewController+Ext.swift */; };
		46D044A92A4086C1008C7343 /* AppDelegate.swift in Sources */ = {isa = PBXBuildFile; fileRef = 46D044A82A4086C1008C7343 /* AppDelegate.swift */; };
		46D044AB2A4086C1008C7343 /* SceneDelegate.swift in Sources */ = {isa = PBXBuildFile; fileRef = 46D044AA2A4086C1008C7343 /* SceneDelegate.swift */; };
		46D044AD2A4086C1008C7343 /* ViewController.swift in Sources */ = {isa = PBXBuildFile; fileRef = 46D044AC2A4086C1008C7343 /* ViewController.swift */; };
		46D044B22A4086C2008C7343 /* Assets.xcassets in Resources */ = {isa = PBXBuildFile; fileRef = 46D044B12A4086C2008C7343 /* Assets.xcassets */; };
		46D044B52A4086C2008C7343 /* LaunchScreen.storyboard in Resources */ = {isa = PBXBuildFile; fileRef = 46D044B32A4086C2008C7343 /* LaunchScreen.storyboard */; };
		46D044BD2A408748008C7343 /* GCDTestViewController.swift in Sources */ = {isa = PBXBuildFile; fileRef = 46D044BC2A408748008C7343 /* GCDTestViewController.swift */; };
		46D044BF2A40875D008C7343 /* AsyncAwaitTestController.swift in Sources */ = {isa = PBXBuildFile; fileRef = 46D044BE2A40875D008C7343 /* AsyncAwaitTestController.swift */; };
/* End PBXBuildFile section */

/* Begin PBXFileReference section */
		465875B92A408ED800DE195A /* AlertViewController.swift */ = {isa = PBXFileReference; lastKnownFileType = sourcecode.swift; path = AlertViewController.swift; sourceTree = "<group>"; };
		465875BB2A408EEB00DE195A /* CustomButton.swift */ = {isa = PBXFileReference; lastKnownFileType = sourcecode.swift; path = CustomButton.swift; sourceTree = "<group>"; };
		465875BD2A408EF500DE195A /* CustomTextField.swift */ = {isa = PBXFileReference; lastKnownFileType = sourcecode.swift; path = CustomTextField.swift; sourceTree = "<group>"; };
		465875BF2A408F0000DE195A /* CustomTitleLabel.swift */ = {isa = PBXFileReference; lastKnownFileType = sourcecode.swift; path = CustomTitleLabel.swift; sourceTree = "<group>"; };
		465875C12A408F0A00DE195A /* CustomBodyLabel.swift */ = {isa = PBXFileReference; lastKnownFileType = sourcecode.swift; path = CustomBodyLabel.swift; sourceTree = "<group>"; };
		465875C32A40913800DE195A /* UIViewController+Ext.swift */ = {isa = PBXFileReference; lastKnownFileType = sourcecode.swift; path = "UIViewController+Ext.swift"; sourceTree = "<group>"; };
		46D044A52A4086C1008C7343 /* GCDAndAsyncAwait.app */ = {isa = PBXFileReference; explicitFileType = wrapper.application; includeInIndex = 0; path = GCDAndAsyncAwait.app; sourceTree = BUILT_PRODUCTS_DIR; };
		46D044A82A4086C1008C7343 /* AppDelegate.swift */ = {isa = PBXFileReference; lastKnownFileType = sourcecode.swift; path = AppDelegate.swift; sourceTree = "<group>"; };
		46D044AA2A4086C1008C7343 /* SceneDelegate.swift */ = {isa = PBXFileReference; lastKnownFileType = sourcecode.swift; path = SceneDelegate.swift; sourceTree = "<group>"; };
		46D044AC2A4086C1008C7343 /* ViewController.swift */ = {isa = PBXFileReference; lastKnownFileType = sourcecode.swift; path = ViewController.swift; sourceTree = "<group>"; };
		46D044B12A4086C2008C7343 /* Assets.xcassets */ = {isa = PBXFileReference; lastKnownFileType = folder.assetcatalog; path = Assets.xcassets; sourceTree = "<group>"; };
		46D044B42A4086C2008C7343 /* Base */ = {isa = PBXFileReference; lastKnownFileType = file.storyboard; name = Base; path = Base.lproj/LaunchScreen.storyboard; sourceTree = "<group>"; };
		46D044B62A4086C2008C7343 /* Info.plist */ = {isa = PBXFileReference; lastKnownFileType = text.plist.xml; path = Info.plist; sourceTree = "<group>"; };
		46D044BC2A408748008C7343 /* GCDTestViewController.swift */ = {isa = PBXFileReference; lastKnownFileType = sourcecode.swift; path = GCDTestViewController.swift; sourceTree = "<group>"; };
		46D044BE2A40875D008C7343 /* AsyncAwaitTestController.swift */ = {isa = PBXFileReference; lastKnownFileType = sourcecode.swift; path = AsyncAwaitTestController.swift; sourceTree = "<group>"; };
/* End PBXFileReference section */

/* Begin PBXFrameworksBuildPhase section */
		46D044A22A4086C1008C7343 /* Frameworks */ = {
			isa = PBXFrameworksBuildPhase;
			buildActionMask = 2147483647;
			files = (
			);
			runOnlyForDeploymentPostprocessing = 0;
		};
/* End PBXFrameworksBuildPhase section */

/* Begin PBXGroup section */
		465875C52A40913B00DE195A /* Extension */ = {
			isa = PBXGroup;
			children = (
				465875C32A40913800DE195A /* UIViewController+Ext.swift */,
			);
			path = Extension;
			sourceTree = "<group>";
		};
		46D0449C2A4086C1008C7343 = {
			isa = PBXGroup;
			children = (
				46D044A72A4086C1008C7343 /* GCDAndAsyncAwait */,
				46D044A62A4086C1008C7343 /* Products */,
			);
			sourceTree = "<group>";
		};
		46D044A62A4086C1008C7343 /* Products */ = {
			isa = PBXGroup;
			children = (
				46D044A52A4086C1008C7343 /* GCDAndAsyncAwait.app */,
			);
			name = Products;
			sourceTree = "<group>";
		};
		46D044A72A4086C1008C7343 /* GCDAndAsyncAwait */ = {
			isa = PBXGroup;
			children = (
				46D044A82A4086C1008C7343 /* AppDelegate.swift */,
				46D044AA2A4086C1008C7343 /* SceneDelegate.swift */,
				46D044AC2A4086C1008C7343 /* ViewController.swift */,
				46D044B12A4086C2008C7343 /* Assets.xcassets */,
				46D044B32A4086C2008C7343 /* LaunchScreen.storyboard */,
				46D044B62A4086C2008C7343 /* Info.plist */,
				46D044BC2A408748008C7343 /* GCDTestViewController.swift */,
				46D044BE2A40875D008C7343 /* AsyncAwaitTestController.swift */,
				465875B92A408ED800DE195A /* AlertViewController.swift */,
				465875BB2A408EEB00DE195A /* CustomButton.swift */,
				465875BD2A408EF500DE195A /* CustomTextField.swift */,
				465875BF2A408F0000DE195A /* CustomTitleLabel.swift */,
				465875C12A408F0A00DE195A /* CustomBodyLabel.swift */,
				465875C52A40913B00DE195A /* Extension */,
			);
			path = GCDAndAsyncAwait;
			sourceTree = "<group>";
		};
/* End PBXGroup section */

/* Begin PBXNativeTarget section */
		46D044A42A4086C1008C7343 /* GCDAndAsyncAwait */ = {
			isa = PBXNativeTarget;
			buildConfigurationList = 46D044B92A4086C2008C7343 /* Build configuration list for PBXNativeTarget "GCDAndAsyncAwait" */;
			buildPhases = (
				46D044A12A4086C1008C7343 /* Sources */,
				46D044A22A4086C1008C7343 /* Frameworks */,
				46D044A32A4086C1008C7343 /* Resources */,
			);
			buildRules = (
			);
			dependencies = (
			);
			name = GCDAndAsyncAwait;
			productName = GCDAndAsyncAwait;
			productReference = 46D044A52A4086C1008C7343 /* GCDAndAsyncAwait.app */;
			productType = "com.apple.product-type.application";
		};
/* End PBXNativeTarget section */

/* Begin PBXProject section */
		46D0449D2A4086C1008C7343 /* Project object */ = {
			isa = PBXProject;
			attributes = {
				BuildIndependentTargetsInParallel = 1;
				LastSwiftUpdateCheck = 1420;
				LastUpgradeCheck = 1420;
				TargetAttributes = {
					46D044A42A4086C1008C7343 = {
						CreatedOnToolsVersion = 14.2;
					};
				};
			};
			buildConfigurationList = 46D044A02A4086C1008C7343 /* Build configuration list for PBXProject "GCDAndAsyncAwait" */;
			compatibilityVersion = "Xcode 14.0";
			developmentRegion = en;
			hasScannedForEncodings = 0;
			knownRegions = (
				en,
				Base,
			);
			mainGroup = 46D0449C2A4086C1008C7343;
			productRefGroup = 46D044A62A4086C1008C7343 /* Products */;
			projectDirPath = "";
			projectRoot = "";
			targets = (
				46D044A42A4086C1008C7343 /* GCDAndAsyncAwait */,
			);
		};
/* End PBXProject section */

/* Begin PBXResourcesBuildPhase section */
		46D044A32A4086C1008C7343 /* Resources */ = {
			isa = PBXResourcesBuildPhase;
			buildActionMask = 2147483647;
			files = (
				46D044B52A4086C2008C7343 /* LaunchScreen.storyboard in Resources */,
				46D044B22A4086C2008C7343 /* Assets.xcassets in Resources */,
			);
			runOnlyForDeploymentPostprocessing = 0;
		};
/* End PBXResourcesBuildPhase section */

/* Begin PBXSourcesBuildPhase section */
		46D044A12A4086C1008C7343 /* Sources */ = {
			isa = PBXSourcesBuildPhase;
			buildActionMask = 2147483647;
			files = (
				465875BC2A408EEB00DE195A /* CustomButton.swift in Sources */,
				46D044AD2A4086C1008C7343 /* ViewController.swift in Sources */,
				465875C22A408F0A00DE195A /* CustomBodyLabel.swift in Sources */,
				465875C42A40913800DE195A /* UIViewController+Ext.swift in Sources */,
				465875BA2A408ED800DE195A /* AlertViewController.swift in Sources */,
				465875BE2A408EF500DE195A /* CustomTextField.swift in Sources */,
				46D044A92A4086C1008C7343 /* AppDelegate.swift in Sources */,
				46D044AB2A4086C1008C7343 /* SceneDelegate.swift in Sources */,
				465875C02A408F0000DE195A /* CustomTitleLabel.swift in Sources */,
				46D044BD2A408748008C7343 /* GCDTestViewController.swift in Sources */,
				46D044BF2A40875D008C7343 /* AsyncAwaitTestController.swift in Sources */,
			);
			runOnlyForDeploymentPostprocessing = 0;
		};
/* End PBXSourcesBuildPhase section */

/* Begin PBXVariantGroup section */
		46D044B32A4086C2008C7343 /* LaunchScreen.storyboard */ = {
			isa = PBXVariantGroup;
			children = (
				46D044B42A4086C2008C7343 /* Base */,
			);
			name = LaunchScreen.storyboard;
			sourceTree = "<group>";
		};
/* End PBXVariantGroup section */

/* Begin XCBuildConfiguration section */
		46D044B72A4086C2008C7343 /* Debug */ = {
			isa = XCBuildConfiguration;
			buildSettings = {
				ALWAYS_SEARCH_USER_PATHS = NO;
				CLANG_ANALYZER_NONNULL = YES;
				CLANG_ANALYZER_NUMBER_OBJECT_CONVERSION = YES_AGGRESSIVE;
				CLANG_CXX_LANGUAGE_STANDARD = "gnu++20";
				CLANG_ENABLE_MODULES = YES;
				CLANG_ENABLE_OBJC_ARC = YES;
				CLANG_ENABLE_OBJC_WEAK = YES;
				CLANG_WARN_BLOCK_CAPTURE_AUTORELEASING = YES;
				CLANG_WARN_BOOL_CONVERSION = YES;
				CLANG_WARN_COMMA = YES;
				CLANG_WARN_CONSTANT_CONVERSION = YES;
				CLANG_WARN_DEPRECATED_OBJC_IMPLEMENTATIONS = YES;
				CLANG_WARN_DIRECT_OBJC_ISA_USAGE = YES_ERROR;
				CLANG_WARN_DOCUMENTATION_COMMENTS = YES;
				CLANG_WARN_EMPTY_BODY = YES;
				CLANG_WARN_ENUM_CONVERSION = YES;
				CLANG_WARN_INFINITE_RECURSION = YES;
				CLANG_WARN_INT_CONVERSION = YES;
				CLANG_WARN_NON_LITERAL_NULL_CONVERSION = YES;
				CLANG_WARN_OBJC_IMPLICIT_RETAIN_SELF = YES;
				CLANG_WARN_OBJC_LITERAL_CONVERSION = YES;
				CLANG_WARN_OBJC_ROOT_CLASS = YES_ERROR;
				CLANG_WARN_QUOTED_INCLUDE_IN_FRAMEWORK_HEADER = YES;
				CLANG_WARN_RANGE_LOOP_ANALYSIS = YES;
				CLANG_WARN_STRICT_PROTOTYPES = YES;
				CLANG_WARN_SUSPICIOUS_MOVE = YES;
				CLANG_WARN_UNGUARDED_AVAILABILITY = YES_AGGRESSIVE;
				CLANG_WARN_UNREACHABLE_CODE = YES;
				CLANG_WARN__DUPLICATE_METHOD_MATCH = YES;
				COPY_PHASE_STRIP = NO;
				DEBUG_INFORMATION_FORMAT = dwarf;
				ENABLE_STRICT_OBJC_MSGSEND = YES;
				ENABLE_TESTABILITY = YES;
				GCC_C_LANGUAGE_STANDARD = gnu11;
				GCC_DYNAMIC_NO_PIC = NO;
				GCC_NO_COMMON_BLOCKS = YES;
				GCC_OPTIMIZATION_LEVEL = 0;
				GCC_PREPROCESSOR_DEFINITIONS = (
					"DEBUG=1",
					"$(inherited)",
				);
				GCC_WARN_64_TO_32_BIT_CONVERSION = YES;
				GCC_WARN_ABOUT_RETURN_TYPE = YES_ERROR;
				GCC_WARN_UNDECLARED_SELECTOR = YES;
				GCC_WARN_UNINITIALIZED_AUTOS = YES_AGGRESSIVE;
				GCC_WARN_UNUSED_FUNCTION = YES;
				GCC_WARN_UNUSED_VARIABLE = YES;
				IPHONEOS_DEPLOYMENT_TARGET = 16.2;
				MTL_ENABLE_DEBUG_INFO = INCLUDE_SOURCE;
				MTL_FAST_MATH = YES;
				ONLY_ACTIVE_ARCH = YES;
				SDKROOT = iphoneos;
				SWIFT_ACTIVE_COMPILATION_CONDITIONS = DEBUG;
				SWIFT_OPTIMIZATION_LEVEL = "-Onone";
			};
			name = Debug;
		};
		46D044B82A4086C2008C7343 /* Release */ = {
			isa = XCBuildConfiguration;
			buildSettings = {
				ALWAYS_SEARCH_USER_PATHS = NO;
				CLANG_ANALYZER_NONNULL = YES;
				CLANG_ANALYZER_NUMBER_OBJECT_CONVERSION = YES_AGGRESSIVE;
				CLANG_CXX_LANGUAGE_STANDARD = "gnu++20";
				CLANG_ENABLE_MODULES = YES;
				CLANG_ENABLE_OBJC_ARC = YES;
				CLANG_ENABLE_OBJC_WEAK = YES;
				CLANG_WARN_BLOCK_CAPTURE_AUTORELEASING = YES;
				CLANG_WARN_BOOL_CONVERSION = YES;
				CLANG_WARN_COMMA = YES;
				CLANG_WARN_CONSTANT_CONVERSION = YES;
				CLANG_WARN_DEPRECATED_OBJC_IMPLEMENTATIONS = YES;
				CLANG_WARN_DIRECT_OBJC_ISA_USAGE = YES_ERROR;
				CLANG_WARN_DOCUMENTATION_COMMENTS = YES;
				CLANG_WARN_EMPTY_BODY = YES;
				CLANG_WARN_ENUM_CONVERSION = YES;
				CLANG_WARN_INFINITE_RECURSION = YES;
				CLANG_WARN_INT_CONVERSION = YES;
				CLANG_WARN_NON_LITERAL_NULL_CONVERSION = YES;
				CLANG_WARN_OBJC_IMPLICIT_RETAIN_SELF = YES;
				CLANG_WARN_OBJC_LITERAL_CONVERSION = YES;
				CLANG_WARN_OBJC_ROOT_CLASS = YES_ERROR;
				CLANG_WARN_QUOTED_INCLUDE_IN_FRAMEWORK_HEADER = YES;
				CLANG_WARN_RANGE_LOOP_ANALYSIS = YES;
				CLANG_WARN_STRICT_PROTOTYPES = YES;
				CLANG_WARN_SUSPICIOUS_MOVE = YES;
				CLANG_WARN_UNGUARDED_AVAILABILITY = YES_AGGRESSIVE;
				CLANG_WARN_UNREACHABLE_CODE = YES;
				CLANG_WARN__DUPLICATE_METHOD_MATCH = YES;
				COPY_PHASE_STRIP = NO;
				DEBUG_INFORMATION_FORMAT = "dwarf-with-dsym";
				ENABLE_NS_ASSERTIONS = NO;
				ENABLE_STRICT_OBJC_MSGSEND = YES;
				GCC_C_LANGUAGE_STANDARD = gnu11;
				GCC_NO_COMMON_BLOCKS = YES;
				GCC_WARN_64_TO_32_BIT_CONVERSION = YES;
				GCC_WARN_ABOUT_RETURN_TYPE = YES_ERROR;
				GCC_WARN_UNDECLARED_SELECTOR = YES;
				GCC_WARN_UNINITIALIZED_AUTOS = YES_AGGRESSIVE;
				GCC_WARN_UNUSED_FUNCTION = YES;
				GCC_WARN_UNUSED_VARIABLE = YES;
				IPHONEOS_DEPLOYMENT_TARGET = 16.2;
				MTL_ENABLE_DEBUG_INFO = NO;
				MTL_FAST_MATH = YES;
				SDKROOT = iphoneos;
				SWIFT_COMPILATION_MODE = wholemodule;
				SWIFT_OPTIMIZATION_LEVEL = "-O";
				VALIDATE_PRODUCT = YES;
			};
			name = Release;
		};
		46D044BA2A4086C2008C7343 /* Debug */ = {
			isa = XCBuildConfiguration;
			buildSettings = {
				ASSETCATALOG_COMPILER_APPICON_NAME = AppIcon;
				ASSETCATALOG_COMPILER_GLOBAL_ACCENT_COLOR_NAME = AccentColor;
				CODE_SIGN_STYLE = Automatic;
				CURRENT_PROJECT_VERSION = 1;
				DEVELOPMENT_TEAM = F25DLFL654;
				GENERATE_INFOPLIST_FILE = YES;
				INFOPLIST_FILE = GCDAndAsyncAwait/Info.plist;
				INFOPLIST_KEY_LSApplicationCategoryType = "public.app-category.reference";
				INFOPLIST_KEY_UIApplicationSupportsIndirectInputEvents = YES;
				INFOPLIST_KEY_UILaunchStoryboardName = LaunchScreen;
				INFOPLIST_KEY_UIMainStoryboardFile = "";
				INFOPLIST_KEY_UISupportedInterfaceOrientations = UIInterfaceOrientationPortrait;
				INFOPLIST_KEY_UISupportedInterfaceOrientations_iPad = "UIInterfaceOrientationLandscapeLeft UIInterfaceOrientationLandscapeRight UIInterfaceOrientationPortrait";
				IPHONEOS_DEPLOYMENT_TARGET = 16.0;
				LD_RUNPATH_SEARCH_PATHS = (
					"$(inherited)",
					"@executable_path/Frameworks",
				);
				MARKETING_VERSION = 1.0;
				PRODUCT_BUNDLE_IDENTIFIER = com.admchm.GCDAndAsyncAwait;
				PRODUCT_NAME = "$(TARGET_NAME)";
				SWIFT_EMIT_LOC_STRINGS = YES;
				SWIFT_VERSION = 5.0;
				TARGETED_DEVICE_FAMILY = "1,2";
			};
			name = Debug;
		};
		46D044BB2A4086C2008C7343 /* Release */ = {
			isa = XCBuildConfiguration;
			buildSettings = {
				ASSETCATALOG_COMPILER_APPICON_NAME = AppIcon;
				ASSETCATALOG_COMPILER_GLOBAL_ACCENT_COLOR_NAME = AccentColor;
				CODE_SIGN_STYLE = Automatic;
				CURRENT_PROJECT_VERSION = 1;
				DEVELOPMENT_TEAM = F25DLFL654;
				GENERATE_INFOPLIST_FILE = YES;
				INFOPLIST_FILE = GCDAndAsyncAwait/Info.plist;
				INFOPLIST_KEY_LSApplicationCategoryType = "public.app-category.reference";
				INFOPLIST_KEY_UIApplicationSupportsIndirectInputEvents = YES;
				INFOPLIST_KEY_UILaunchStoryboardName = LaunchScreen;
				INFOPLIST_KEY_UIMainStoryboardFile = "";
				INFOPLIST_KEY_UISupportedInterfaceOrientations = UIInterfaceOrientationPortrait;
				INFOPLIST_KEY_UISupportedInterfaceOrientations_iPad = "UIInterfaceOrientationLandscapeLeft UIInterfaceOrientationLandscapeRight UIInterfaceOrientationPortrait";
				IPHONEOS_DEPLOYMENT_TARGET = 16.0;
				LD_RUNPATH_SEARCH_PATHS = (
					"$(inherited)",
					"@executable_path/Frameworks",
				);
				MARKETING_VERSION = 1.0;
				PRODUCT_BUNDLE_IDENTIFIER = com.admchm.GCDAndAsyncAwait;
				PRODUCT_NAME = "$(TARGET_NAME)";
				SWIFT_EMIT_LOC_STRINGS = YES;
				SWIFT_VERSION = 5.0;
				TARGETED_DEVICE_FAMILY = "1,2";
			};
			name = Release;
		};
/* End XCBuildConfiguration section */

/* Begin XCConfigurationList section */
		46D044A02A4086C1008C7343 /* Build configuration list for PBXProject "GCDAndAsyncAwait" */ = {
			isa = XCConfigurationList;
			buildConfigurations = (
				46D044B72A4086C2008C7343 /* Debug */,
				46D044B82A4086C2008C7343 /* Release */,
			);
			defaultConfigurationIsVisible = 0;
			defaultConfigurationName = Release;
		};
		46D044B92A4086C2008C7343 /* Build configuration list for PBXNativeTarget "GCDAndAsyncAwait" */ = {
			isa = XCConfigurationList;
			buildConfigurations = (
				46D044BA2A4086C2008C7343 /* Debug */,
				46D044BB2A4086C2008C7343 /* Release */,
			);
			defaultConfigurationIsVisible = 0;
			defaultConfigurationName = Release;
		};
/* End XCConfigurationList section */
	};
	rootObject = 46D0449D2A4086C1008C7343 /* Project object */;
}
